
Microsoft Visual Studio Solution File, Format Version 12.00
# Visual Studio Version 16
VisualStudioVersion = 16.0.30406.217
MinimumVisualStudioVersion = 10.0.40219.1
Project("{FAE04EC0-301F-11D3-BF4B-00C04F79EFBC}") = "MaRoWebApp", "MaRoWebApp\MaRoWebApp.csproj", "{7F960B7C-53AE-4C16-A486-78DCE27D9769}"
EndProject
Global
	GlobalSection(SolutionConfigurationPlatforms) = preSolution
		Debug|Any CPU = Debug|Any CPU
		Release|Any CPU = Release|Any CPU
	EndGlobalSection
	GlobalSection(ProjectConfigurationPlatforms) = postSolution
		{7F960B7C-53AE-4C16-A486-78DCE27D9769}.Debug|Any CPU.ActiveCfg = Debug|Any CPU
		{7F960B7C-53AE-4C16-A486-78DCE27D9769}.Debug|Any CPU.Build.0 = Debug|Any CPU
		{7F960B7C-53AE-4C16-A486-78DCE27D9769}.Release|Any CPU.ActiveCfg = Release|Any CPU
		{7F960B7C-53AE-4C16-A486-78DCE27D9769}.Release|Any CPU.Build.0 = Release|Any CPU
	EndGlobalSection
	GlobalSection(SolutionProperties) = preSolution
		HideSolutionNode = FALSE
	EndGlobalSection
	GlobalSection(ExtensibilityGlobals) = postSolution
		SolutionGuid = {03F52E6A-E104-490E-9A4B-B208F47EADED}
	EndGlobalSection
EndGlobal
